{
  "nodes": {
    "flake-parts": {
      "inputs": {
        "nixpkgs-lib": [
          "nixvim",
          "nixpkgs"
        ]
      },
      "locked": {
        "lastModified": 1769996383,
        "narHash": "sha256-AnYjnFWgS49RlqX7LrC4uA+sCCDBj0Ry/WOJ5XWAsa0=",
        "owner": "hercules-ci",
        "repo": "flake-parts",
        "rev": "57928607ea566b5db3ad13af0e57e921e6b12381",
        "type": "github"
      },
      "original": {
        "owner": "hercules-ci",
        "repo": "flake-parts",
        "type": "github"
      }
    },
    "home-manager": {
      "inputs": {
        "nixpkgs": [
          "nixpkgs"
        ]
      },
      "locked": {
        "lastModified": 1775143651,
        "narHash": "sha256-S0RqAyDPMTcv9vASMaE8eY1QexFysAOdnxUxFHIPOyE=",
        "owner": "nix-community",
        "repo": "home-manager",
        "rev": "d166a078541982a76f14d3e06e9665fa5c9ed85e",
        "type": "github"
      },
      "original": {
        "owner": "nix-community",
        "repo": "home-manager",
        "type": "github"
      }
    },
    "nixpkgs": {
      "locked": {
        "lastModified": 1775111091,
        "narHash": "sha256-gip1kskGdhWg6NhJIzF6XpDTRKC8k11kLEtbnk8e5PY=",
        "owner": "NixOS",
        "repo": "nixpkgs",
        "rev": "d627f3795454b9019ee08daa88c8cba7d8b8ee55",
        "type": "github"
      },
      "original": {
        "owner": "NixOS",
        "ref": "nixos-unstable",
        "repo": "nixpkgs",
        "type": "github"
      }
    },
    "nixvim": {
      "inputs": {
        "flake-parts": "flake-parts",
        "nixpkgs": [
          "nixpkgs"
        ],
        "systems": "systems"
      },
      "locked": {
        "lastModified": 1774802402,
        "narHash": "sha256-L1UJ/zxKTyyaGGmytH6OYlgQ0HGSMhvPkvU+iz4Mkb8=",
        "owner": "nix-community",
        "repo": "nixvim",
        "rev": "cbd8536a05d1aae2593cb5c9ace1010c8c5845cb",
        "type": "github"
      },
      "original": {
        "owner": "nix-community",
        "repo": "nixvim",
        "type": "github"
      }
    },
    "pam_shim": {
      "inputs": {
        "nixpkgs": [
          "nixpkgs"
        ]
      },
      "locked": {
        "lastModified": 1767830048,
        "narHash": "sha256-BZBldTfFfnxWBIKL4Wak8h1WS0l2iSf3KByXTt5CjIQ=",
        "owner": "Cu3PO42",
        "repo": "pam_shim",
        "rev": "b01fbf816165c41186bc9758b72d874e5d1aa502",
        "type": "github"
      },
      "original": {
        "owner": "Cu3PO42",
        "repo": "pam_shim",
        "type": "github"
      }
    },
    "root": {
      "inputs": {
        "home-manager": "home-manager",
        "nixpkgs": "nixpkgs",
        "nixvim": "nixvim",
        "pam_shim": "pam_shim"
      }
    },
    "systems": {
      "locked": {
        "lastModified": 1681028828,
        "narHash": "sha256-Vy1rq5AaRuLzOxct8nz4T6wlgyUR7zLU309k9mBC768=",
        "owner": "nix-systems",
        "repo": "default",
        "rev": "da67096a3b9bf56a91d16901293e51ba5b49a27e",
        "type": "github"
      },
      "original": {
        "owner": "nix-systems",
        "repo": "default",
        "type": "github"
      }
    }
  },
  "root": "root",
  "version": 7
}
